
Microsoft Visual Studio Solution File, Format Version 12.00
# Visual Studio Version 17
VisualStudioVersion = 17.9.34701.34
MinimumVisualStudioVersion = 10.0.40219.1
Project("{FAE04EC0-301F-11D3-BF4B-00C04F79EFBC}") = "AWS-Service", "AWS-Service\AWS-Service\AWS-Service.csproj", "{DE6618A2-421C-4D13-8DFE-2A8A64D804B4}"
EndProject
Global
	GlobalSection(SolutionConfigurationPlatforms) = preSolution
		Debug|Any CPU = Debug|Any CPU
		Release|Any CPU = Release|Any CPU
	EndGlobalSection
	GlobalSection(ProjectConfigurationPlatforms) = postSolution
		{DE6618A2-421C-4D13-8DFE-2A8A64D804B4}.Debug|Any CPU.ActiveCfg = Debug|Any CPU
		{DE6618A2-421C-4D13-8DFE-2A8A64D804B4}.Debug|Any CPU.Build.0 = Debug|Any CPU
		{DE6618A2-421C-4D13-8DFE-2A8A64D804B4}.Release|Any CPU.ActiveCfg = Release|Any CPU
		{DE6618A2-421C-4D13-8DFE-2A8A64D804B4}.Release|Any CPU.Build.0 = Release|Any CPU
	EndGlobalSection
	GlobalSection(SolutionProperties) = preSolution
		HideSolutionNode = FALSE
	EndGlobalSection
	GlobalSection(ExtensibilityGlobals) = postSolution
		SolutionGuid = {BCE6AA51-5D94-4C9C-A550-E1FB28B61B68}
	EndGlobalSection
EndGlobal
